
Microsoft Visual Studio Solution File, Format Version 12.00
# Visual Studio Version 17
VisualStudioVersion = 17.6.33801.468
MinimumVisualStudioVersion = 10.0.40219.1
Project("{9A19103F-16F7-4668-BE54-9A1E7A4F7556}") = "WEB_API_PROJ", "WEB_API_PROJ\WEB_API_PROJ.csproj", "{B4E5C4ED-D93D-4649-8007-CE078579F67F}"
EndProject
Project("{FAE04EC0-301F-11D3-BF4B-00C04F79EFBC}") = "TestProject", "TestProject\TestProject.csproj", "{76D0DF81-E4FE-4D77-BE97-5F326005BA99}"
EndProject
Global
	GlobalSection(SolutionConfigurationPlatforms) = preSolution
		Debug|Any CPU = Debug|Any CPU
		Release|Any CPU = Release|Any CPU
	EndGlobalSection
	GlobalSection(ProjectConfigurationPlatforms) = postSolution
		{B4E5C4ED-D93D-4649-8007-CE078579F67F}.Debug|Any CPU.ActiveCfg = Debug|Any CPU
		{B4E5C4ED-D93D-4649-8007-CE078579F67F}.Debug|Any CPU.Build.0 = Debug|Any CPU
		{B4E5C4ED-D93D-4649-8007-CE078579F67F}.Release|Any CPU.ActiveCfg = Release|Any CPU
		{B4E5C4ED-D93D-4649-8007-CE078579F67F}.Release|Any CPU.Build.0 = Release|Any CPU
		{76D0DF81-E4FE-4D77-BE97-5F326005BA99}.Debug|Any CPU.ActiveCfg = Debug|Any CPU
		{76D0DF81-E4FE-4D77-BE97-5F326005BA99}.Debug|Any CPU.Build.0 = Debug|Any CPU
		{76D0DF81-E4FE-4D77-BE97-5F326005BA99}.Release|Any CPU.ActiveCfg = Release|Any CPU
		{76D0DF81-E4FE-4D77-BE97-5F326005BA99}.Release|Any CPU.Build.0 = Release|Any CPU
	EndGlobalSection
	GlobalSection(SolutionProperties) = preSolution
		HideSolutionNode = FALSE
	EndGlobalSection
	GlobalSection(ExtensibilityGlobals) = postSolution
		SolutionGuid = {9B774ACA-06FC-449A-AB47-4E6C08F58290}
	EndGlobalSection
EndGlobal
